
Microsoft Visual Studio Solution File, Format Version 12.00
# Visual Studio Version 17
VisualStudioVersion = 17.2.32616.157
MinimumVisualStudioVersion = 10.0.40219.1
Project("{FAE04EC0-301F-11D3-BF4B-00C04F79EFBC}") = "API", "API\API.csproj", "{1150C281-194F-41B6-9137-241D3440C439}"
	ProjectSection(ProjectDependencies) = postProject
		{868A9A4D-E959-4789-947B-3A3E65209E8B} = {868A9A4D-E959-4789-947B-3A3E65209E8B}
	EndProjectSection
EndProject
Project("{FAE04EC0-301F-11D3-BF4B-00C04F79EFBC}") = "DAL", "DAL\DAL.csproj", "{868A9A4D-E959-4789-947B-3A3E65209E8B}"
EndProject
Global
	GlobalSection(SolutionConfigurationPlatforms) = preSolution
		Debug|Any CPU = Debug|Any CPU
		Release|Any CPU = Release|Any CPU
	EndGlobalSection
	GlobalSection(ProjectConfigurationPlatforms) = postSolution
		{1150C281-194F-41B6-9137-241D3440C439}.Debug|Any CPU.ActiveCfg = Debug|Any CPU
		{1150C281-194F-41B6-9137-241D3440C439}.Debug|Any CPU.Build.0 = Debug|Any CPU
		{1150C281-194F-41B6-9137-241D3440C439}.Release|Any CPU.ActiveCfg = Release|Any CPU
		{1150C281-194F-41B6-9137-241D3440C439}.Release|Any CPU.Build.0 = Release|Any CPU
		{868A9A4D-E959-4789-947B-3A3E65209E8B}.Debug|Any CPU.ActiveCfg = Debug|Any CPU
		{868A9A4D-E959-4789-947B-3A3E65209E8B}.Debug|Any CPU.Build.0 = Debug|Any CPU
		{868A9A4D-E959-4789-947B-3A3E65209E8B}.Release|Any CPU.ActiveCfg = Release|Any CPU
		{868A9A4D-E959-4789-947B-3A3E65209E8B}.Release|Any CPU.Build.0 = Release|Any CPU
	EndGlobalSection
	GlobalSection(SolutionProperties) = preSolution
		HideSolutionNode = FALSE
	EndGlobalSection
	GlobalSection(ExtensibilityGlobals) = postSolution
		SolutionGuid = {5579DDE4-6265-4C84-AA97-25527612F5D2}
	EndGlobalSection
EndGlobal
